
Microsoft Visual Studio Solution File, Format Version 12.00
# Visual Studio 15
VisualStudioVersion = 15.0.27130.2024
MinimumVisualStudioVersion = 10.0.40219.1
Project("{FAE04EC0-301F-11D3-BF4B-00C04F79EFBC}") = "DebitCardNumber", "DebitCardNumber\DebitCardNumber.csproj", "{6B4BD6C8-5A83-4CDA-AECF-F0ABFC462AC2}"
EndProject
Project("{FAE04EC0-301F-11D3-BF4B-00C04F79EFBC}") = "RectangleArea", "RectangleArea\RectangleArea.csproj", "{0BD0FBE6-9F5E-4734-A746-7A555A722446}"
EndProject
Project("{FAE04EC0-301F-11D3-BF4B-00C04F79EFBC}") = "MilesToKm", "MilesToKm\MilesToKm.csproj", "{D14379E0-661F-4F7D-B8BE-1E72CE921A97}"
EndProject
Project("{FAE04EC0-301F-11D3-BF4B-00C04F79EFBC}") = "BeverageLabels", "BeverageLabels\BeverageLabels.csproj", "{D16D0FC5-C4D7-4320-9E1B-DC8C2B5CDF98}"
EndProject
Project("{FAE04EC0-301F-11D3-BF4B-00C04F79EFBC}") = "CharacterStats", "CharacterStats\CharacterStats.csproj", "{28599CF4-BAEE-4D3A-9890-8403EA45EF7A}"
EndProject
Global
	GlobalSection(SolutionConfigurationPlatforms) = preSolution
		Debug|Any CPU = Debug|Any CPU
		Release|Any CPU = Release|Any CPU
	EndGlobalSection
	GlobalSection(ProjectConfigurationPlatforms) = postSolution
		{6B4BD6C8-5A83-4CDA-AECF-F0ABFC462AC2}.Debug|Any CPU.ActiveCfg = Debug|Any CPU
		{6B4BD6C8-5A83-4CDA-AECF-F0ABFC462AC2}.Debug|Any CPU.Build.0 = Debug|Any CPU
		{6B4BD6C8-5A83-4CDA-AECF-F0ABFC462AC2}.Release|Any CPU.ActiveCfg = Release|Any CPU
		{6B4BD6C8-5A83-4CDA-AECF-F0ABFC462AC2}.Release|Any CPU.Build.0 = Release|Any CPU
		{0BD0FBE6-9F5E-4734-A746-7A555A722446}.Debug|Any CPU.ActiveCfg = Debug|Any CPU
		{0BD0FBE6-9F5E-4734-A746-7A555A722446}.Debug|Any CPU.Build.0 = Debug|Any CPU
		{0BD0FBE6-9F5E-4734-A746-7A555A722446}.Release|Any CPU.ActiveCfg = Release|Any CPU
		{0BD0FBE6-9F5E-4734-A746-7A555A722446}.Release|Any CPU.Build.0 = Release|Any CPU
		{D14379E0-661F-4F7D-B8BE-1E72CE921A97}.Debug|Any CPU.ActiveCfg = Debug|Any CPU
		{D14379E0-661F-4F7D-B8BE-1E72CE921A97}.Debug|Any CPU.Build.0 = Debug|Any CPU
		{D14379E0-661F-4F7D-B8BE-1E72CE921A97}.Release|Any CPU.ActiveCfg = Release|Any CPU
		{D14379E0-661F-4F7D-B8BE-1E72CE921A97}.Release|Any CPU.Build.0 = Release|Any CPU
		{D16D0FC5-C4D7-4320-9E1B-DC8C2B5CDF98}.Debug|Any CPU.ActiveCfg = Debug|Any CPU
		{D16D0FC5-C4D7-4320-9E1B-DC8C2B5CDF98}.Debug|Any CPU.Build.0 = Debug|Any CPU
		{D16D0FC5-C4D7-4320-9E1B-DC8C2B5CDF98}.Release|Any CPU.ActiveCfg = Release|Any CPU
		{D16D0FC5-C4D7-4320-9E1B-DC8C2B5CDF98}.Release|Any CPU.Build.0 = Release|Any CPU
		{28599CF4-BAEE-4D3A-9890-8403EA45EF7A}.Debug|Any CPU.ActiveCfg = Debug|Any CPU
		{28599CF4-BAEE-4D3A-9890-8403EA45EF7A}.Debug|Any CPU.Build.0 = Debug|Any CPU
		{28599CF4-BAEE-4D3A-9890-8403EA45EF7A}.Release|Any CPU.ActiveCfg = Release|Any CPU
		{28599CF4-BAEE-4D3A-9890-8403EA45EF7A}.Release|Any CPU.Build.0 = Release|Any CPU
	EndGlobalSection
	GlobalSection(SolutionProperties) = preSolution
		HideSolutionNode = FALSE
	EndGlobalSection
	GlobalSection(ExtensibilityGlobals) = postSolution
		SolutionGuid = {4EF0BD37-D1C4-4A99-AB1B-A9AD19154967}
	EndGlobalSection
EndGlobal
