
Microsoft Visual Studio Solution File, Format Version 12.00
# Visual Studio 15
VisualStudioVersion = 15.0.27130.2024
MinimumVisualStudioVersion = 10.0.40219.1
Project("{9A19103F-16F7-4668-BE54-9A1E7A4F7556}") = "CountWorkingDays", "CountWorkingDays\CountWorkingDays.csproj", "{CC724A93-3C5E-49B3-A9E8-899169CBD9BD}"
EndProject
Project("{FAE04EC0-301F-11D3-BF4B-00C04F79EFBC}") = "AdvertisementMessage", "AdvertisementMessage\AdvertisementMessage.csproj", "{2E365511-F435-4F84-ADCA-554ADB6149FD}"
EndProject
Project("{FAE04EC0-301F-11D3-BF4B-00C04F79EFBC}") = "CircleIntersection", "CircleIntersection\CircleIntersection.csproj", "{8DA3D220-F8B7-4161-868D-9A6A7BF7B2AD}"
EndProject
Global
	GlobalSection(SolutionConfigurationPlatforms) = preSolution
		Debug|Any CPU = Debug|Any CPU
		Release|Any CPU = Release|Any CPU
	EndGlobalSection
	GlobalSection(ProjectConfigurationPlatforms) = postSolution
		{CC724A93-3C5E-49B3-A9E8-899169CBD9BD}.Debug|Any CPU.ActiveCfg = Debug|Any CPU
		{CC724A93-3C5E-49B3-A9E8-899169CBD9BD}.Debug|Any CPU.Build.0 = Debug|Any CPU
		{CC724A93-3C5E-49B3-A9E8-899169CBD9BD}.Release|Any CPU.ActiveCfg = Release|Any CPU
		{CC724A93-3C5E-49B3-A9E8-899169CBD9BD}.Release|Any CPU.Build.0 = Release|Any CPU
		{2E365511-F435-4F84-ADCA-554ADB6149FD}.Debug|Any CPU.ActiveCfg = Debug|Any CPU
		{2E365511-F435-4F84-ADCA-554ADB6149FD}.Debug|Any CPU.Build.0 = Debug|Any CPU
		{2E365511-F435-4F84-ADCA-554ADB6149FD}.Release|Any CPU.ActiveCfg = Release|Any CPU
		{2E365511-F435-4F84-ADCA-554ADB6149FD}.Release|Any CPU.Build.0 = Release|Any CPU
		{8DA3D220-F8B7-4161-868D-9A6A7BF7B2AD}.Debug|Any CPU.ActiveCfg = Debug|Any CPU
		{8DA3D220-F8B7-4161-868D-9A6A7BF7B2AD}.Debug|Any CPU.Build.0 = Debug|Any CPU
		{8DA3D220-F8B7-4161-868D-9A6A7BF7B2AD}.Release|Any CPU.ActiveCfg = Release|Any CPU
		{8DA3D220-F8B7-4161-868D-9A6A7BF7B2AD}.Release|Any CPU.Build.0 = Release|Any CPU
	EndGlobalSection
	GlobalSection(SolutionProperties) = preSolution
		HideSolutionNode = FALSE
	EndGlobalSection
	GlobalSection(ExtensibilityGlobals) = postSolution
		SolutionGuid = {E535D77B-F645-45B3-8A79-76C8E5AA1CB8}
	EndGlobalSection
EndGlobal
